{
	"name": "note.imyan.ren",
	"version": "0.0.1",
	"lockfileVersion": 3,
	"requires": true,
	"packages": {
		"": {
			"name": "note.imyan.ren",
			"version": "0.0.1",
			"devDependencies": {
				"@sveltejs/adapter-auto": "^7.0.0",
				"@sveltejs/adapter-static": "^3.0.10",
				"@sveltejs/kit": "^2.50.1",
				"@sveltejs/vite-plugin-svelte": "^6.2.4",
				"@types/node": "^25.2.0",
				"gray-matter": "^4.0.3",
				"marked": "^17.0.1",
				"svelte": "^5.48.2",
				"svelte-check": "^4.3.5",
				"typescript": "^5.9.3",
				"vite": "^7.3.1"
			}
		},
		"../../node_modules/.pnpm/@sveltejs+adapter-auto@7.0._d0cb8ccc74f2a481601ea4993e11fea4/node_modules/@sveltejs/adapter-auto": {
			"version": "7.0.0",
			"dev": true,
			"license": "MIT",
			"devDependencies": {
				"@sveltejs/kit": "^2.47.0",
				"@sveltejs/vite-plugin-svelte": "^6.0.0-next.3",
				"@types/node": "^18.19.119",
				"typescript": "^5.3.3",
				"vitest": "^3.2.4"
			},
			"peerDependencies": {
				"@sveltejs/kit": "^2.0.0"
			}
		},
		"../../node_modules/.pnpm/@sveltejs+kit@2.50.1_@svelt_76764703453b3c9a7b49facf7f643def/node_modules/@sveltejs/kit": {
			"version": "2.50.1",
			"dev": true,
			"license": "MIT",
			"dependencies": {
				"@standard-schema/spec": "^1.0.0",
				"@sveltejs/acorn-typescript": "^1.0.5",
				"@types/cookie": "^0.6.0",
				"acorn": "^8.14.1",
				"cookie": "^0.6.0",
				"devalue": "^5.6.2",
				"esm-env": "^1.2.2",
				"kleur": "^4.1.5",
				"magic-string": "^0.30.5",
				"mrmime": "^2.0.0",
				"sade": "^1.8.1",
				"set-cookie-parser": "^2.6.0",
				"sirv": "^3.0.0"
			},
			"bin": {
				"svelte-kit": "svelte-kit.js"
			},
			"devDependencies": {
				"@opentelemetry/api": "^1.0.0",
				"@playwright/test": "1.56.0",
				"@sveltejs/vite-plugin-svelte": "^6.0.0-next.3",
				"@types/connect": "^3.4.38",
				"@types/node": "^18.19.119",
				"@types/set-cookie-parser": "^2.4.7",
				"dts-buddy": "^0.6.2",
				"rollup": "^4.14.2",
				"svelte": "^5.46.4",
				"svelte-preprocess": "^6.0.0",
				"typescript": "^5.3.3",
				"vite": "^6.3.5",
				"vitest": "^4.0.0"
			},
			"engines": {
				"node": ">=18.13"
			},
			"peerDependencies": {
				"@opentelemetry/api": "^1.0.0",
				"@sveltejs/vite-plugin-svelte": "^3.0.0 || ^4.0.0-next.1 || ^5.0.0 || ^6.0.0-next.0",
				"svelte": "^4.0.0 || ^5.0.0-next.0",
				"typescript": "^5.3.3",
				"vite": "^5.0.3 || ^6.0.0 || ^7.0.0-beta.0"
			},
			"peerDependenciesMeta": {
				"@opentelemetry/api": {
					"optional": true
				},
				"typescript": {
					"optional": true
				}
			}
		},
		"../../node_modules/.pnpm/@sveltejs+vite-plugin-svelt_6335fec3add95e5faf5214b5449af276/node_modules/@sveltejs/vite-plugin-svelte": {
			"version": "6.2.4",
			"dev": true,
			"license": "MIT",
			"dependencies": {
				"@sveltejs/vite-plugin-svelte-inspector": "^5.0.0",
				"deepmerge": "^4.3.1",
				"magic-string": "^0.30.21",
				"obug": "^2.1.0",
				"vitefu": "^1.1.1"
			},
			"devDependencies": {
				"@types/debug": "^4.1.12",
				"sass": "^1.94.2",
				"svelte": "^5.45.4",
				"vite": "^7.2.6"
			},
			"engines": {
				"node": "^20.19 || ^22.12 || >=24"
			},
			"peerDependencies": {
				"svelte": "^5.0.0",
				"vite": "^6.3.0 || ^7.0.0"
			}
		},
		"../../node_modules/.pnpm/svelte-check@4.3.5_picomatc_d0a28baf5b2668db9b02552f2a4fc567/node_modules/svelte-check": {
			"version": "4.3.5",
			"dev": true,
			"license": "MIT",
			"dependencies": {
				"@jridgewell/trace-mapping": "^0.3.25",
				"chokidar": "^4.0.1",
				"fdir": "^6.2.0",
				"picocolors": "^1.0.0",
				"sade": "^1.7.4"
			},
			"bin": {
				"svelte-check": "bin/svelte-check"
			},
			"devDependencies": {
				"@rollup/plugin-commonjs": "^24.0.0",
				"@rollup/plugin-json": "^6.0.0",
				"@rollup/plugin-node-resolve": "^15.0.0",
				"@rollup/plugin-replace": "5.0.2",
				"@rollup/plugin-typescript": "^10.0.0",
				"@types/sade": "^1.7.2",
				"builtin-modules": "^3.3.0",
				"rollup": "3.7.5",
				"rollup-plugin-cleanup": "^3.2.0",
				"rollup-plugin-copy": "^3.4.0",
				"svelte": "^4.2.19",
				"svelte-language-server": "0.17.23",
				"typescript": "^5.9.2",
				"vscode-languageserver": "8.0.2",
				"vscode-languageserver-protocol": "3.17.2",
				"vscode-languageserver-types": "3.17.2",
				"vscode-uri": "~3.1.0"
			},
			"engines": {
				"node": ">= 18.0.0"
			},
			"peerDependencies": {
				"svelte": "^4.0.0 || ^5.0.0-next.0",
				"typescript": ">=5.0.0"
			}
		},
		"../../node_modules/.pnpm/svelte@5.49.1/node_modules/svelte": {
			"version": "5.49.1",
			"dev": true,
			"license": "MIT",
			"dependencies": {
				"@jridgewell/remapping": "^2.3.4",
				"@jridgewell/sourcemap-codec": "^1.5.0",
				"@sveltejs/acorn-typescript": "^1.0.5",
				"@types/estree": "^1.0.5",
				"acorn": "^8.12.1",
				"aria-query": "^5.3.1",
				"axobject-query": "^4.1.0",
				"clsx": "^2.1.1",
				"devalue": "^5.6.2",
				"esm-env": "^1.2.1",
				"esrap": "^2.2.2",
				"is-reference": "^3.0.3",
				"locate-character": "^3.0.0",
				"magic-string": "^0.30.11",
				"zimmerframe": "^1.1.2"
			},
			"devDependencies": {
				"@jridgewell/trace-mapping": "^0.3.25",
				"@playwright/test": "^1.58.0",
				"@rollup/plugin-commonjs": "^28.0.1",
				"@rollup/plugin-node-resolve": "^15.3.0",
				"@rollup/plugin-terser": "^0.4.4",
				"@rollup/plugin-virtual": "^3.0.2",
				"@types/aria-query": "^5.0.4",
				"@types/node": "^20.11.5",
				"dts-buddy": "^0.5.5",
				"esbuild": "^0.25.10",
				"rollup": "^4.22.4",
				"source-map": "^0.7.4",
				"tinyglobby": "^0.2.12",
				"typescript": "^5.5.4",
				"vitest": "^2.1.9"
			},
			"engines": {
				"node": ">=18"
			}
		},
		"../../node_modules/.pnpm/typescript@5.9.3/node_modules/typescript": {
			"version": "5.9.3",
			"dev": true,
			"license": "Apache-2.0",
			"bin": {
				"tsc": "bin/tsc",
				"tsserver": "bin/tsserver"
			},
			"devDependencies": {
				"@dprint/formatter": "^0.4.1",
				"@dprint/typescript": "0.93.4",
				"@esfx/canceltoken": "^1.0.0",
				"@eslint/js": "^9.20.0",
				"@octokit/rest": "^21.1.1",
				"@types/chai": "^4.3.20",
				"@types/diff": "^7.0.1",
				"@types/minimist": "^1.2.5",
				"@types/mocha": "^10.0.10",
				"@types/ms": "^0.7.34",
				"@types/node": "latest",
				"@types/source-map-support": "^0.5.10",
				"@types/which": "^3.0.4",
				"@typescript-eslint/rule-tester": "^8.24.1",
				"@typescript-eslint/type-utils": "^8.24.1",
				"@typescript-eslint/utils": "^8.24.1",
				"azure-devops-node-api": "^14.1.0",
				"c8": "^10.1.3",
				"chai": "^4.5.0",
				"chokidar": "^4.0.3",
				"diff": "^7.0.0",
				"dprint": "^0.49.0",
				"esbuild": "^0.25.0",
				"eslint": "^9.20.1",
				"eslint-formatter-autolinkable-stylish": "^1.4.0",
				"eslint-plugin-regexp": "^2.7.0",
				"fast-xml-parser": "^4.5.2",
				"glob": "^10.4.5",
				"globals": "^15.15.0",
				"hereby": "^1.10.0",
				"jsonc-parser": "^3.3.1",
				"knip": "^5.44.4",
				"minimist": "^1.2.8",
				"mocha": "^10.8.2",
				"mocha-fivemat-progress-reporter": "^0.1.0",
				"monocart-coverage-reports": "^2.12.1",
				"ms": "^2.1.3",
				"picocolors": "^1.1.1",
				"playwright": "^1.50.1",
				"source-map-support": "^0.5.21",
				"tslib": "^2.8.1",
				"typescript": "^5.7.3",
				"typescript-eslint": "^8.24.1",
				"which": "^3.0.1"
			},
			"engines": {
				"node": ">=14.17"
			}
		},
		"../../node_modules/.pnpm/vite@7.3.1_@types+node@25.1_fb6036aa713f681f98a6d6d440cc8b87/node_modules/vite": {
			"version": "7.3.1",
			"dev": true,
			"license": "MIT",
			"dependencies": {
				"esbuild": "^0.27.0",
				"fdir": "^6.5.0",
				"picomatch": "^4.0.3",
				"postcss": "^8.5.6",
				"rollup": "^4.43.0",
				"tinyglobby": "^0.2.15"
			},
			"bin": {
				"vite": "bin/vite.js"
			},
			"devDependencies": {
				"@babel/parser": "^7.28.5",
				"@jridgewell/remapping": "^2.3.5",
				"@jridgewell/trace-mapping": "^0.3.31",
				"@oxc-project/types": "0.95.0",
				"@polka/compression": "^1.0.0-next.25",
				"@rolldown/pluginutils": "^1.0.0-beta.52",
				"@rollup/plugin-alias": "^5.1.1",
				"@rollup/plugin-commonjs": "^29.0.0",
				"@rollup/plugin-dynamic-import-vars": "2.1.4",
				"@rollup/pluginutils": "^5.3.0",
				"@types/escape-html": "^1.0.4",
				"@types/pnpapi": "^0.0.5",
				"artichokie": "^0.4.2",
				"baseline-browser-mapping": "^2.8.32",
				"cac": "^6.7.14",
				"chokidar": "^3.6.0",
				"connect": "^3.7.0",
				"convert-source-map": "^2.0.0",
				"cors": "^2.8.5",
				"cross-spawn": "^7.0.6",
				"dotenv": "^17.2.3",
				"dotenv-expand": "^12.0.3",
				"es-module-lexer": "^1.7.0",
				"escape-html": "^1.0.3",
				"estree-walker": "^3.0.3",
				"etag": "^1.8.1",
				"host-validation-middleware": "^0.1.2",
				"http-proxy-3": "^1.22.0",
				"launch-editor-middleware": "^2.12.0",
				"lightningcss": "^1.30.2",
				"magic-string": "^0.30.21",
				"mlly": "^1.8.0",
				"mrmime": "^2.0.1",
				"nanoid": "^5.1.6",
				"obug": "^1.0.2",
				"open": "^10.2.0",
				"parse5": "^8.0.0",
				"pathe": "^2.0.3",
				"periscopic": "^4.0.2",
				"picocolors": "^1.1.1",
				"postcss-import": "^16.1.1",
				"postcss-load-config": "^6.0.1",
				"postcss-modules": "^6.0.1",
				"premove": "^4.0.0",
				"resolve.exports": "^2.0.3",
				"rolldown": "^1.0.0-beta.52",
				"rolldown-plugin-dts": "^0.18.1",
				"rollup-plugin-license": "^3.6.0",
				"sass": "^1.94.2",
				"sass-embedded": "^1.93.3",
				"sirv": "^3.0.2",
				"strip-literal": "^3.1.0",
				"terser": "^5.44.1",
				"tsconfck": "^3.1.6",
				"ufo": "^1.6.1",
				"ws": "^8.18.3"
			},
			"engines": {
				"node": "^20.19.0 || >=22.12.0"
			},
			"funding": {
				"url": "https://github.com/vitejs/vite?sponsor=1"
			},
			"optionalDependencies": {
				"fsevents": "~2.3.3"
			},
			"peerDependencies": {
				"@types/node": "^20.19.0 || >=22.12.0",
				"jiti": ">=1.21.0",
				"less": "^4.0.0",
				"lightningcss": "^1.21.0",
				"sass": "^1.70.0",
				"sass-embedded": "^1.70.0",
				"stylus": ">=0.54.8",
				"sugarss": "^5.0.0",
				"terser": "^5.16.0",
				"tsx": "^4.8.1",
				"yaml": "^2.4.2"
			},
			"peerDependenciesMeta": {
				"@types/node": {
					"optional": true
				},
				"jiti": {
					"optional": true
				},
				"less": {
					"optional": true
				},
				"lightningcss": {
					"optional": true
				},
				"sass": {
					"optional": true
				},
				"sass-embedded": {
					"optional": true
				},
				"stylus": {
					"optional": true
				},
				"sugarss": {
					"optional": true
				},
				"terser": {
					"optional": true
				},
				"tsx": {
					"optional": true
				},
				"yaml": {
					"optional": true
				}
			}
		},
		"node_modules/@sveltejs/adapter-auto": {
			"resolved": "../../node_modules/.pnpm/@sveltejs+adapter-auto@7.0._d0cb8ccc74f2a481601ea4993e11fea4/node_modules/@sveltejs/adapter-auto",
			"link": true
		},
		"node_modules/@sveltejs/adapter-static": {
			"version": "3.0.10",
			"resolved": "https://registry.npmjs.org/@sveltejs/adapter-static/-/adapter-static-3.0.10.tgz",
			"integrity": "sha512-7D9lYFWJmB7zxZyTE/qxjksvMqzMuYrrsyh1f4AlZqeZeACPRySjbC3aFiY55wb1tWUaKOQG9PVbm74JcN2Iew==",
			"dev": true,
			"license": "MIT",
			"peerDependencies": {
				"@sveltejs/kit": "^2.0.0"
			}
		},
		"node_modules/@sveltejs/kit": {
			"resolved": "../../node_modules/.pnpm/@sveltejs+kit@2.50.1_@svelt_76764703453b3c9a7b49facf7f643def/node_modules/@sveltejs/kit",
			"link": true
		},
		"node_modules/@sveltejs/vite-plugin-svelte": {
			"resolved": "../../node_modules/.pnpm/@sveltejs+vite-plugin-svelt_6335fec3add95e5faf5214b5449af276/node_modules/@sveltejs/vite-plugin-svelte",
			"link": true
		},
		"node_modules/@types/node": {
			"version": "25.2.0",
			"resolved": "https://registry.npmjs.org/@types/node/-/node-25.2.0.tgz",
			"integrity": "sha512-DZ8VwRFUNzuqJ5khrvwMXHmvPe+zGayJhr2CDNiKB1WBE1ST8Djl00D0IC4vvNmHMdj6DlbYRIaFE7WHjlDl5w==",
			"dev": true,
			"license": "MIT",
			"dependencies": {
				"undici-types": "~7.16.0"
			}
		},
		"node_modules/argparse": {
			"version": "1.0.10",
			"resolved": "https://registry.npmjs.org/argparse/-/argparse-1.0.10.tgz",
			"integrity": "sha512-o5Roy6tNG4SL/FOkCAN6RzjiakZS25RLYFrcMttJqbdd8BWrnA+fGz57iN5Pb06pvBGvl5gQ0B48dJlslXvoTg==",
			"dev": true,
			"license": "MIT",
			"dependencies": {
				"sprintf-js": "~1.0.2"
			}
		},
		"node_modules/esprima": {
			"version": "4.0.1",
			"resolved": "https://registry.npmjs.org/esprima/-/esprima-4.0.1.tgz",
			"integrity": "sha512-eGuFFw7Upda+g4p+QHvnW0RyTX/SVeJBDM/gCtMARO0cLuT2HcEKnTPvhjV6aGeqrCB/sbNop0Kszm0jsaWU4A==",
			"dev": true,
			"license": "BSD-2-Clause",
			"bin": {
				"esparse": "bin/esparse.js",
				"esvalidate": "bin/esvalidate.js"
			},
			"engines": {
				"node": ">=4"
			}
		},
		"node_modules/extend-shallow": {
			"version": "2.0.1",
			"resolved": "https://registry.npmjs.org/extend-shallow/-/extend-shallow-2.0.1.tgz",
			"integrity": "sha512-zCnTtlxNoAiDc3gqY2aYAWFx7XWWiasuF2K8Me5WbN8otHKTUKBwjPtNpRs/rbUZm7KxWAaNj7P1a/p52GbVug==",
			"dev": true,
			"license": "MIT",
			"dependencies": {
				"is-extendable": "^0.1.0"
			},
			"engines": {
				"node": ">=0.10.0"
			}
		},
		"node_modules/gray-matter": {
			"version": "4.0.3",
			"resolved": "https://registry.npmjs.org/gray-matter/-/gray-matter-4.0.3.tgz",
			"integrity": "sha512-5v6yZd4JK3eMI3FqqCouswVqwugaA9r4dNZB1wwcmrD02QkV5H0y7XBQW8QwQqEaZY1pM9aqORSORhJRdNK44Q==",
			"dev": true,
			"license": "MIT",
			"dependencies": {
				"js-yaml": "^3.13.1",
				"kind-of": "^6.0.2",
				"section-matter": "^1.0.0",
				"strip-bom-string": "^1.0.0"
			},
			"engines": {
				"node": ">=6.0"
			}
		},
		"node_modules/is-extendable": {
			"version": "0.1.1",
			"resolved": "https://registry.npmjs.org/is-extendable/-/is-extendable-0.1.1.tgz",
			"integrity": "sha512-5BMULNob1vgFX6EjQw5izWDxrecWK9AM72rugNr0TFldMOi0fj6Jk+zeKIt0xGj4cEfQIJth4w3OKWOJ4f+AFw==",
			"dev": true,
			"license": "MIT",
			"engines": {
				"node": ">=0.10.0"
			}
		},
		"node_modules/js-yaml": {
			"version": "3.14.2",
			"resolved": "https://registry.npmjs.org/js-yaml/-/js-yaml-3.14.2.tgz",
			"integrity": "sha512-PMSmkqxr106Xa156c2M265Z+FTrPl+oxd/rgOQy2tijQeK5TxQ43psO1ZCwhVOSdnn+RzkzlRz/eY4BgJBYVpg==",
			"dev": true,
			"license": "MIT",
			"dependencies": {
				"argparse": "^1.0.7",
				"esprima": "^4.0.0"
			},
			"bin": {
				"js-yaml": "bin/js-yaml.js"
			}
		},
		"node_modules/kind-of": {
			"version": "6.0.3",
			"resolved": "https://registry.npmjs.org/kind-of/-/kind-of-6.0.3.tgz",
			"integrity": "sha512-dcS1ul+9tmeD95T+x28/ehLgd9mENa3LsvDTtzm3vyBEO7RPptvAD+t44WVXaUjTBRcrpFeFlC8WCruUR456hw==",
			"dev": true,
			"license": "MIT",
			"engines": {
				"node": ">=0.10.0"
			}
		},
		"node_modules/marked": {
			"version": "17.0.1",
			"resolved": "https://registry.npmjs.org/marked/-/marked-17.0.1.tgz",
			"integrity": "sha512-boeBdiS0ghpWcSwoNm/jJBwdpFaMnZWRzjA6SkUMYb40SVaN1x7mmfGKp0jvexGcx+7y2La5zRZsYFZI6Qpypg==",
			"dev": true,
			"license": "MIT",
			"bin": {
				"marked": "bin/marked.js"
			},
			"engines": {
				"node": ">= 20"
			}
		},
		"node_modules/section-matter": {
			"version": "1.0.0",
			"resolved": "https://registry.npmjs.org/section-matter/-/section-matter-1.0.0.tgz",
			"integrity": "sha512-vfD3pmTzGpufjScBh50YHKzEu2lxBWhVEHsNGoEXmCmn2hKGfeNLYMzCJpe8cD7gqX7TJluOVpBkAequ6dgMmA==",
			"dev": true,
			"license": "MIT",
			"dependencies": {
				"extend-shallow": "^2.0.1",
				"kind-of": "^6.0.0"
			},
			"engines": {
				"node": ">=4"
			}
		},
		"node_modules/sprintf-js": {
			"version": "1.0.3",
			"resolved": "https://registry.npmjs.org/sprintf-js/-/sprintf-js-1.0.3.tgz",
			"integrity": "sha512-D9cPgkvLlV3t3IzL0D0YLvGA9Ahk4PcvVwUbN0dSGr1aP0Nrt4AEnTUbuGvquEC0mA64Gqt1fzirlRs5ibXx8g==",
			"dev": true,
			"license": "BSD-3-Clause"
		},
		"node_modules/strip-bom-string": {
			"version": "1.0.0",
			"resolved": "https://registry.npmjs.org/strip-bom-string/-/strip-bom-string-1.0.0.tgz",
			"integrity": "sha512-uCC2VHvQRYu+lMh4My/sFNmF2klFymLX1wHJeXnbEJERpV/ZsVuonzerjfrGpIGF7LBVa1O7i9kjiWvJiFck8g==",
			"dev": true,
			"license": "MIT",
			"engines": {
				"node": ">=0.10.0"
			}
		},
		"node_modules/svelte": {
			"resolved": "../../node_modules/.pnpm/svelte@5.49.1/node_modules/svelte",
			"link": true
		},
		"node_modules/svelte-check": {
			"resolved": "../../node_modules/.pnpm/svelte-check@4.3.5_picomatc_d0a28baf5b2668db9b02552f2a4fc567/node_modules/svelte-check",
			"link": true
		},
		"node_modules/typescript": {
			"resolved": "../../node_modules/.pnpm/typescript@5.9.3/node_modules/typescript",
			"link": true
		},
		"node_modules/undici-types": {
			"version": "7.16.0",
			"resolved": "https://registry.npmjs.org/undici-types/-/undici-types-7.16.0.tgz",
			"integrity": "sha512-Zz+aZWSj8LE6zoxD+xrjh4VfkIG8Ya6LvYkZqtUQGJPZjYl53ypCaUwWqo7eI0x66KBGeRo+mlBEkMSeSZ38Nw==",
			"dev": true,
			"license": "MIT"
		},
		"node_modules/vite": {
			"resolved": "../../node_modules/.pnpm/vite@7.3.1_@types+node@25.1_fb6036aa713f681f98a6d6d440cc8b87/node_modules/vite",
			"link": true
		}
	}
}
